// !$*UTF8*$!
{
	archiveVersion = 1;
	classes = {
	};
	objectVersion = 56;
	objects = {

/* Begin PBXBuildFile section */
		AA000041 /* VoiceMaskAppApp.swift in Sources */ = {isa = PBXBuildFile; fileRef = AA000040 /* VoiceMaskAppApp.swift */; };
		AA000043 /* ContentView.swift in Sources */ = {isa = PBXBuildFile; fileRef = AA000042 /* ContentView.swift */; };
		AA000045 /* BLEManager.swift in Sources */ = {isa = PBXBuildFile; fileRef = AA000044 /* BLEManager.swift */; };
		AA000047 /* L2CAPHandler.swift in Sources */ = {isa = PBXBuildFile; fileRef = AA000046 /* L2CAPHandler.swift */; };
		AA000050 /* Assets.xcassets in Resources */ = {isa = PBXBuildFile; fileRef = AA000049 /* Assets.xcassets */; };
		AA000070 /* FrameParser.swift in Sources */ = {isa = PBXBuildFile; fileRef = AA000060 /* FrameParser.swift */; };
		AA000071 /* AudioReceiver.swift in Sources */ = {isa = PBXBuildFile; fileRef = AA000061 /* AudioReceiver.swift */; };
		AA000072 /* RecordingManager.swift in Sources */ = {isa = PBXBuildFile; fileRef = AA000062 /* RecordingManager.swift */; };
		AA000073 /* AudioFileWriter.swift in Sources */ = {isa = PBXBuildFile; fileRef = AA000063 /* AudioFileWriter.swift */; };
		AA000074 /* AudioPlayer.swift in Sources */ = {isa = PBXBuildFile; fileRef = AA000064 /* AudioPlayer.swift */; };
		AA000075 /* Recording.swift in Sources */ = {isa = PBXBuildFile; fileRef = AA000065 /* Recording.swift */; };
		AA0000A0 /* ChatMessage.swift in Sources */ = {isa = PBXBuildFile; fileRef = AA000082 /* ChatMessage.swift */; };
		AA0000A1 /* PipecatWebSocketClient.swift in Sources */ = {isa = PBXBuildFile; fileRef = AA000083 /* PipecatWebSocketClient.swift */; };
		AA0000A2 /* TtsAudioPlayer.swift in Sources */ = {isa = PBXBuildFile; fileRef = AA000084 /* TtsAudioPlayer.swift */; };
		AA0000A3 /* VoiceChatView.swift in Sources */ = {isa = PBXBuildFile; fileRef = AA000085 /* VoiceChatView.swift */; };
		AA0000A4 /* VoiceChatViewModel.swift in Sources */ = {isa = PBXBuildFile; fileRef = AA000086 /* VoiceChatViewModel.swift */; };
/* End PBXBuildFile section */

/* Begin PBXFileReference section */
		AA000040 /* VoiceMaskAppApp.swift */ = {isa = PBXFileReference; lastKnownFileType = sourcecode.swift; path = VoiceMaskAppApp.swift; sourceTree = "<group>"; };
		AA000042 /* ContentView.swift */ = {isa = PBXFileReference; lastKnownFileType = sourcecode.swift; path = ContentView.swift; sourceTree = "<group>"; };
		AA000044 /* BLEManager.swift */ = {isa = PBXFileReference; lastKnownFileType = sourcecode.swift; path = BLEManager.swift; sourceTree = "<group>"; };
		AA000046 /* L2CAPHandler.swift */ = {isa = PBXFileReference; lastKnownFileType = sourcecode.swift; path = L2CAPHandler.swift; sourceTree = "<group>"; };
		AA000048 /* Info.plist */ = {isa = PBXFileReference; lastKnownFileType = text.plist.xml; path = Info.plist; sourceTree = "<group>"; };
		AA000049 /* Assets.xcassets */ = {isa = PBXFileReference; lastKnownFileType = folder.assetcatalog; path = Assets.xcassets; sourceTree = "<group>"; };
		AA000051 /* VoiceMaskApp.app */ = {isa = PBXFileReference; explicitFileType = wrapper.application; includeInIndex = 0; path = VoiceMaskApp.app; sourceTree = BUILT_PRODUCTS_DIR; };
		AA000060 /* FrameParser.swift */ = {isa = PBXFileReference; lastKnownFileType = sourcecode.swift; path = FrameParser.swift; sourceTree = "<group>"; };
		AA000061 /* AudioReceiver.swift */ = {isa = PBXFileReference; lastKnownFileType = sourcecode.swift; path = AudioReceiver.swift; sourceTree = "<group>"; };
		AA000062 /* RecordingManager.swift */ = {isa = PBXFileReference; lastKnownFileType = sourcecode.swift; path = RecordingManager.swift; sourceTree = "<group>"; };
		AA000063 /* AudioFileWriter.swift */ = {isa = PBXFileReference; lastKnownFileType = sourcecode.swift; path = AudioFileWriter.swift; sourceTree = "<group>"; };
		AA000064 /* AudioPlayer.swift */ = {isa = PBXFileReference; lastKnownFileType = sourcecode.swift; path = AudioPlayer.swift; sourceTree = "<group>"; };
		AA000065 /* Recording.swift */ = {isa = PBXFileReference; lastKnownFileType = sourcecode.swift; path = Recording.swift; sourceTree = "<group>"; };
		AA000082 /* ChatMessage.swift */ = {isa = PBXFileReference; lastKnownFileType = sourcecode.swift; path = ChatMessage.swift; sourceTree = "<group>"; };
		AA000083 /* PipecatWebSocketClient.swift */ = {isa = PBXFileReference; lastKnownFileType = sourcecode.swift; path = PipecatWebSocketClient.swift; sourceTree = "<group>"; };
		AA000084 /* TtsAudioPlayer.swift */ = {isa = PBXFileReference; lastKnownFileType = sourcecode.swift; path = TtsAudioPlayer.swift; sourceTree = "<group>"; };
		AA000085 /* VoiceChatView.swift */ = {isa = PBXFileReference; lastKnownFileType = sourcecode.swift; path = VoiceChatView.swift; sourceTree = "<group>"; };
		AA000086 /* VoiceChatViewModel.swift */ = {isa = PBXFileReference; lastKnownFileType = sourcecode.swift; path = VoiceChatViewModel.swift; sourceTree = "<group>"; };
/* End PBXFileReference section */

/* Begin PBXFrameworksBuildPhase section */
		AA000022 /* Frameworks */ = {
			isa = PBXFrameworksBuildPhase;
			buildActionMask = 2147483647;
			files = (
			);
			runOnlyForDeploymentPostprocessing = 0;
		};
/* End PBXFrameworksBuildPhase section */

/* Begin PBXGroup section */
		AA000030 /* VoiceMaskApp */ = {
			isa = PBXGroup;
			children = (
				AA000040 /* VoiceMaskAppApp.swift */,
				AA000042 /* ContentView.swift */,
				AA000032 /* BLE */,
				AA000080 /* Audio */,
				AA000081 /* Models */,
				AA000087 /* VoiceChat */,
				AA000049 /* Assets.xcassets */,
				AA000048 /* Info.plist */,
			);
			path = VoiceMaskApp;
			sourceTree = "<group>";
		};
		AA000031 /* Products */ = {
			isa = PBXGroup;
			children = (
				AA000051 /* VoiceMaskApp.app */,
			);
			name = Products;
			sourceTree = "<group>";
		};
		AA000032 /* BLE */ = {
			isa = PBXGroup;
			children = (
				AA000044 /* BLEManager.swift */,
				AA000046 /* L2CAPHandler.swift */,
			);
			path = BLE;
			sourceTree = "<group>";
		};
		AA000080 /* Audio */ = {
			isa = PBXGroup;
			children = (
				AA000060 /* FrameParser.swift */,
				AA000061 /* AudioReceiver.swift */,
				AA000062 /* RecordingManager.swift */,
				AA000063 /* AudioFileWriter.swift */,
				AA000064 /* AudioPlayer.swift */,
			);
			path = Audio;
			sourceTree = "<group>";
		};
		AA000081 /* Models */ = {
			isa = PBXGroup;
			children = (
				AA000065 /* Recording.swift */,
			);
			path = Models;
			sourceTree = "<group>";
		};
		AA000087 /* VoiceChat */ = {
			isa = PBXGroup;
			children = (
				AA000082 /* ChatMessage.swift */,
				AA000083 /* PipecatWebSocketClient.swift */,
				AA000084 /* TtsAudioPlayer.swift */,
				AA000085 /* VoiceChatView.swift */,
				AA000086 /* VoiceChatViewModel.swift */,
			);
			path = VoiceChat;
			sourceTree = "<group>";
		};
		AA000099 = {
			isa = PBXGroup;
			children = (
				AA000030 /* VoiceMaskApp */,
				AA000031 /* Products */,
			);
			sourceTree = "<group>";
		};
/* End PBXGroup section */

/* Begin PBXNativeTarget section */
		AA000010 /* VoiceMaskApp */ = {
			isa = PBXNativeTarget;
			buildConfigurationList = AA000011 /* Build configuration list for PBXNativeTarget "VoiceMaskApp" */;
			buildPhases = (
				AA000020 /* Sources */,
				AA000022 /* Frameworks */,
				AA000021 /* Resources */,
			);
			buildRules = (
			);
			dependencies = (
			);
			name = VoiceMaskApp;
			productName = VoiceMaskApp;
			productReference = AA000051 /* VoiceMaskApp.app */;
			productType = "com.apple.product-type.application";
		};
/* End PBXNativeTarget section */

/* Begin PBXProject section */
		AA000001 /* Project object */ = {
			isa = PBXProject;
			attributes = {
				BuildIndependentTargetsInParallel = 1;
				LastSwiftUpdateCheck = 1500;
				LastUpgradeCheck = 1500;
				TargetAttributes = {
					AA000010 = {
						CreatedOnToolsVersion = 15.0;
					};
				};
			};
			buildConfigurationList = AA000002 /* Build configuration list for PBXProject "VoiceMaskApp" */;
			compatibilityVersion = "Xcode 14.0";
			developmentRegion = "zh-Hans";
			hasScannedForEncodings = 0;
			knownRegions = (
				en,
				"zh-Hans",
				Base,
			);
			mainGroup = AA000099;
			productRefGroup = AA000031 /* Products */;
			projectDirPath = "";
			projectRoot = "";
			targets = (
				AA000010 /* VoiceMaskApp */,
			);
		};
/* End PBXProject section */

/* Begin PBXResourcesBuildPhase section */
		AA000021 /* Resources */ = {
			isa = PBXResourcesBuildPhase;
			buildActionMask = 2147483647;
			files = (
				AA000050 /* Assets.xcassets in Resources */,
			);
			runOnlyForDeploymentPostprocessing = 0;
		};
/* End PBXResourcesBuildPhase section */

/* Begin PBXSourcesBuildPhase section */
		AA000020 /* Sources */ = {
			isa = PBXSourcesBuildPhase;
			buildActionMask = 2147483647;
			files = (
				AA000041 /* VoiceMaskAppApp.swift in Sources */,
				AA000043 /* ContentView.swift in Sources */,
				AA000045 /* BLEManager.swift in Sources */,
				AA000047 /* L2CAPHandler.swift in Sources */,
				AA000070 /* FrameParser.swift in Sources */,
				AA000071 /* AudioReceiver.swift in Sources */,
				AA000072 /* RecordingManager.swift in Sources */,
				AA000073 /* AudioFileWriter.swift in Sources */,
				AA000074 /* AudioPlayer.swift in Sources */,
				AA000075 /* Recording.swift in Sources */,
				AA0000A0 /* ChatMessage.swift in Sources */,
				AA0000A1 /* PipecatWebSocketClient.swift in Sources */,
				AA0000A2 /* TtsAudioPlayer.swift in Sources */,
				AA0000A3 /* VoiceChatView.swift in Sources */,
				AA0000A4 /* VoiceChatViewModel.swift in Sources */,
			);
			runOnlyForDeploymentPostprocessing = 0;
		};
/* End PBXSourcesBuildPhase section */

/* Begin XCBuildConfiguration section */
		AA000003 /* Debug */ = {
			isa = XCBuildConfiguration;
			buildSettings = {
				ALWAYS_SEARCH_USER_PATHS = NO;
				ASSETCATALOG_COMPILER_GENERATE_SWIFT_ASSET_SYMBOL_EXTENSIONS = YES;
				CLANG_ANALYZER_NONNULL = YES;
				CLANG_ANALYZER_NUMBER_OBJECT_CONVERSION = YES_AGGRESSIVE;
				CLANG_CXX_LANGUAGE_STANDARD = "gnu++20";
				CLANG_ENABLE_MODULES = YES;
				CLANG_ENABLE_OBJC_ARC = YES;
				CLANG_ENABLE_OBJC_WEAK = YES;
				CLANG_WARN_BLOCK_CAPTURE_AUTORELEASING = YES;
				CLANG_WARN_BOOL_CONVERSION = YES;
				CLANG_WARN_COMMA = YES;
				CLANG_WARN_CONSTANT_CONVERSION = YES;
				CLANG_WARN_DEPRECATED_OBJC_IMPLEMENTATIONS = YES;
				CLANG_WARN_DIRECT_OBJC_ISA_USAGE = YES_ERROR;
				CLANG_WARN_DOCUMENTATION_COMMENTS = YES;
				CLANG_WARN_EMPTY_BODY = YES;
				CLANG_WARN_ENUM_CONVERSION = YES;
				CLANG_WARN_INFINITE_RECURSION = YES;
				CLANG_WARN_INT_CONVERSION = YES;
				CLANG_WARN_NON_LITERAL_NULL_CONVERSION = YES;
				CLANG_WARN_OBJC_IMPLICIT_RETAIN_SELF = YES;
				CLANG_WARN_OBJC_LITERAL_CONVERSION = YES;
				CLANG_WARN_OBJC_ROOT_CLASS = YES_ERROR;
				CLANG_WARN_QUOTED_INCLUDE_IN_FRAMEWORK_HEADER = YES;
				CLANG_WARN_RANGE_LOOP_ANALYSIS = YES;
				CLANG_WARN_STRICT_PROTOTYPES = YES;
				CLANG_WARN_SUSPICIOUS_MOVE = YES;
				CLANG_WARN_UNGUARDED_AVAILABILITY = YES_AGGRESSIVE;
				CLANG_WARN_UNREACHABLE_CODE = YES;
				CLANG_WARN__DUPLICATE_METHOD_MATCH = YES;
				COPY_PHASE_STRIP = NO;
				DEBUG_INFORMATION_FORMAT = dwarf;
				ENABLE_STRICT_OBJC_MSGSEND = YES;
				ENABLE_TESTABILITY = YES;
				ENABLE_USER_SCRIPT_SANDBOXING = YES;
				GCC_C_LANGUAGE_STANDARD = gnu17;
				GCC_DYNAMIC_NO_PIC = NO;
				GCC_NO_COMMON_BLOCKS = YES;
				GCC_OPTIMIZATION_LEVEL = 0;
				GCC_PREPROCESSOR_DEFINITIONS = (
					"DEBUG=1",
					"$(inherited)",
				);
				GCC_WARN_64_TO_32_BIT_CONVERSION = YES;
				GCC_WARN_ABOUT_RETURN_TYPE = YES_ERROR;
				GCC_WARN_UNDECLARED_SELECTOR = YES;
				GCC_WARN_UNINITIALIZED_AUTOS = YES_AGGRESSIVE;
				GCC_WARN_UNUSED_FUNCTION = YES;
				GCC_WARN_UNUSED_VARIABLE = YES;
				IPHONEOS_DEPLOYMENT_TARGET = 16.0;
				MTL_ENABLE_DEBUG_INFO = INCLUDE_SOURCE;
				MTL_FAST_MATH = YES;
				ONLY_ACTIVE_ARCH = YES;
				SDKROOT = iphoneos;
				SWIFT_ACTIVE_COMPILATION_CONDITIONS = "DEBUG $(inherited)";
				SWIFT_OPTIMIZATION_LEVEL = "-Onone";
			};
			name = Debug;
		};
		AA000004 /* Release */ = {
			isa = XCBuildConfiguration;
			buildSettings = {
				ALWAYS_SEARCH_USER_PATHS = NO;
				ASSETCATALOG_COMPILER_GENERATE_SWIFT_ASSET_SYMBOL_EXTENSIONS = YES;
				CLANG_ANALYZER_NONNULL = YES;
				CLANG_ANALYZER_NUMBER_OBJECT_CONVERSION = YES_AGGRESSIVE;
				CLANG_CXX_LANGUAGE_STANDARD = "gnu++20";
				CLANG_ENABLE_MODULES = YES;
				CLANG_ENABLE_OBJC_ARC = YES;
				CLANG_ENABLE_OBJC_WEAK = YES;
				ENABLE_STRICT_OBJC_MSGSEND = YES;
				ENABLE_USER_SCRIPT_SANDBOXING = YES;
				GCC_C_LANGUAGE_STANDARD = gnu17;
				GCC_NO_COMMON_BLOCKS = YES;
				GCC_WARN_64_TO_32_BIT_CONVERSION = YES;
				GCC_WARN_ABOUT_RETURN_TYPE = YES_ERROR;
				GCC_WARN_UNDECLARED_SELECTOR = YES;
				GCC_WARN_UNINITIALIZED_AUTOS = YES_AGGRESSIVE;
				GCC_WARN_UNUSED_FUNCTION = YES;
				GCC_WARN_UNUSED_VARIABLE = YES;
				IPHONEOS_DEPLOYMENT_TARGET = 16.0;
				MTL_FAST_MATH = YES;
				SDKROOT = iphoneos;
				SWIFT_COMPILATION_MODE = wholemodule;
				VALIDATE_PRODUCT = YES;
			};
			name = Release;
		};
		AA000012 /* Debug */ = {
			isa = XCBuildConfiguration;
			buildSettings = {
				ASSETCATALOG_COMPILER_APPICON_NAME = AppIcon;
				ASSETCATALOG_COMPILER_GLOBAL_ACCENT_COLOR_NAME = AccentColor;
				CODE_SIGN_STYLE = Automatic;
				CURRENT_PROJECT_VERSION = 1;
				DEVELOPMENT_ASSET_PATHS = "";
				DEVELOPMENT_TEAM = 5TR382H55T;
				ENABLE_PREVIEWS = YES;
				GENERATE_INFOPLIST_FILE = NO;
				INFOPLIST_FILE = VoiceMaskApp/Info.plist;
				IPHONEOS_DEPLOYMENT_TARGET = 16.0;
				LD_RUNPATH_SEARCH_PATHS = (
					"$(inherited)",
					"@executable_path/Frameworks",
				);
				MARKETING_VERSION = 1.0;
				PRODUCT_BUNDLE_IDENTIFIER = com.voicemask.app;
				PRODUCT_NAME = "$(TARGET_NAME)";
				SWIFT_EMIT_LOC_STRINGS = YES;
				SWIFT_VERSION = 5.0;
				TARGETED_DEVICE_FAMILY = "1,2";
			};
			name = Debug;
		};
		AA000013 /* Release */ = {
			isa = XCBuildConfiguration;
			buildSettings = {
				ASSETCATALOG_COMPILER_APPICON_NAME = AppIcon;
				ASSETCATALOG_COMPILER_GLOBAL_ACCENT_COLOR_NAME = AccentColor;
				CODE_SIGN_STYLE = Automatic;
				CURRENT_PROJECT_VERSION = 1;
				DEVELOPMENT_ASSET_PATHS = "";
				DEVELOPMENT_TEAM = 5TR382H55T;
				ENABLE_PREVIEWS = YES;
				GENERATE_INFOPLIST_FILE = NO;
				INFOPLIST_FILE = VoiceMaskApp/Info.plist;
				IPHONEOS_DEPLOYMENT_TARGET = 16.0;
				LD_RUNPATH_SEARCH_PATHS = (
					"$(inherited)",
					"@executable_path/Frameworks",
				);
				MARKETING_VERSION = 1.0;
				PRODUCT_BUNDLE_IDENTIFIER = com.voicemask.app;
				PRODUCT_NAME = "$(TARGET_NAME)";
				SWIFT_EMIT_LOC_STRINGS = YES;
				SWIFT_VERSION = 5.0;
				TARGETED_DEVICE_FAMILY = "1,2";
			};
			name = Release;
		};
/* End XCBuildConfiguration section */

/* Begin XCConfigurationList section */
		AA000002 /* Build configuration list for PBXProject "VoiceMaskApp" */ = {
			isa = XCConfigurationList;
			buildConfigurations = (
				AA000003 /* Debug */,
				AA000004 /* Release */,
			);
			defaultConfigurationIsVisible = 0;
			defaultConfigurationName = Release;
		};
		AA000011 /* Build configuration list for PBXNativeTarget "VoiceMaskApp" */ = {
			isa = XCConfigurationList;
			buildConfigurations = (
				AA000012 /* Debug */,
				AA000013 /* Release */,
			);
			defaultConfigurationIsVisible = 0;
			defaultConfigurationName = Release;
		};
/* End XCConfigurationList section */
	};
	rootObject = AA000001 /* Project object */;
}
